
Microsoft Visual Studio Solution File, Format Version 12.00
# Visual Studio Version 17
VisualStudioVersion = 17.13.35828.75 d17.13
MinimumVisualStudioVersion = 10.0.40219.1
Project("{FAE04EC0-301F-11D3-BF4B-00C04F79EFBC}") = "ModelViewViewModel", "ModelViewViewModel\ModelViewViewModel.csproj", "{BE69F2BF-5348-4029-A12C-E853B5D3AA06}"
EndProject
Global
	GlobalSection(SolutionConfigurationPlatforms) = preSolution
		Debug|Any CPU = Debug|Any CPU
		Release|Any CPU = Release|Any CPU
	EndGlobalSection
	GlobalSection(ProjectConfigurationPlatforms) = postSolution
		{BE69F2BF-5348-4029-A12C-E853B5D3AA06}.Debug|Any CPU.ActiveCfg = Debug|Any CPU
		{BE69F2BF-5348-4029-A12C-E853B5D3AA06}.Debug|Any CPU.Build.0 = Debug|Any CPU
		{BE69F2BF-5348-4029-A12C-E853B5D3AA06}.Release|Any CPU.ActiveCfg = Release|Any CPU
		{BE69F2BF-5348-4029-A12C-E853B5D3AA06}.Release|Any CPU.Build.0 = Release|Any CPU
	EndGlobalSection
	GlobalSection(SolutionProperties) = preSolution
		HideSolutionNode = FALSE
	EndGlobalSection
	GlobalSection(ExtensibilityGlobals) = postSolution
		SolutionGuid = {88CAD1A8-629D-4C3F-B5DA-5D65DAA730CC}
	EndGlobalSection
EndGlobal
